
Microsoft Visual Studio Solution File, Format Version 12.00
# Visual Studio Version 17
VisualStudioVersion = 17.8.34330.188
MinimumVisualStudioVersion = 10.0.40219.1
Project("{FAE04EC0-301F-11D3-BF4B-00C04F79EFBC}") = "EventMangementSystem", "EventMangementSystem\EventMangementSystem.csproj", "{33F4F3B7-05FA-450E-95DF-9E520F145045}"
EndProject
Global
	GlobalSection(SolutionConfigurationPlatforms) = preSolution
		Debug|Any CPU = Debug|Any CPU
		Release|Any CPU = Release|Any CPU
	EndGlobalSection
	GlobalSection(ProjectConfigurationPlatforms) = postSolution
		{33F4F3B7-05FA-450E-95DF-9E520F145045}.Debug|Any CPU.ActiveCfg = Debug|Any CPU
		{33F4F3B7-05FA-450E-95DF-9E520F145045}.Debug|Any CPU.Build.0 = Debug|Any CPU
		{33F4F3B7-05FA-450E-95DF-9E520F145045}.Release|Any CPU.ActiveCfg = Release|Any CPU
		{33F4F3B7-05FA-450E-95DF-9E520F145045}.Release|Any CPU.Build.0 = Release|Any CPU
	EndGlobalSection
	GlobalSection(SolutionProperties) = preSolution
		HideSolutionNode = FALSE
	EndGlobalSection
	GlobalSection(ExtensibilityGlobals) = postSolution
		SolutionGuid = {A86DB8F9-B9B1-43B1-990E-4346FB01F4B7}
	EndGlobalSection
EndGlobal
